
Microsoft Visual Studio Solution File, Format Version 12.00
# Visual Studio 15
VisualStudioVersion = 15.0.27428.2015
MinimumVisualStudioVersion = 10.0.40219.1
Project("{FAE04EC0-301F-11D3-BF4B-00C04F79EFBC}") = "deserializingJSON", "JsonSolution\deserializingJSON.csproj", "{AE61FE08-F292-4672-B435-48A9A127783E}"
EndProject
Global
	GlobalSection(SolutionConfigurationPlatforms) = preSolution
		Debug|Any CPU = Debug|Any CPU
		Release|Any CPU = Release|Any CPU
	EndGlobalSection
	GlobalSection(ProjectConfigurationPlatforms) = postSolution
		{AE61FE08-F292-4672-B435-48A9A127783E}.Debug|Any CPU.ActiveCfg = Debug|Any CPU
		{AE61FE08-F292-4672-B435-48A9A127783E}.Debug|Any CPU.Build.0 = Debug|Any CPU
		{AE61FE08-F292-4672-B435-48A9A127783E}.Release|Any CPU.ActiveCfg = Release|Any CPU
		{AE61FE08-F292-4672-B435-48A9A127783E}.Release|Any CPU.Build.0 = Release|Any CPU
	EndGlobalSection
	GlobalSection(SolutionProperties) = preSolution
		HideSolutionNode = FALSE
	EndGlobalSection
	GlobalSection(ExtensibilityGlobals) = postSolution
		SolutionGuid = {51A891AA-ED15-4153-9D06-B89A742E8161}
	EndGlobalSection
EndGlobal
